
Microsoft Visual Studio Solution File, Format Version 12.00
# Visual Studio Version 17
VisualStudioVersion = 17.5.33530.505
MinimumVisualStudioVersion = 10.0.40219.1
Project("{FAE04EC0-301F-11D3-BF4B-00C04F79EFBC}") = "BookApp", "BookApp.csproj", "{3C34CA13-7A8A-4A8D-AE60-21F8D47445DC}"
EndProject
Global
	GlobalSection(SolutionConfigurationPlatforms) = preSolution
		Debug|Any CPU = Debug|Any CPU
		Release|Any CPU = Release|Any CPU
	EndGlobalSection
	GlobalSection(ProjectConfigurationPlatforms) = postSolution
		{3C34CA13-7A8A-4A8D-AE60-21F8D47445DC}.Debug|Any CPU.ActiveCfg = Debug|Any CPU
		{3C34CA13-7A8A-4A8D-AE60-21F8D47445DC}.Debug|Any CPU.Build.0 = Debug|Any CPU
		{3C34CA13-7A8A-4A8D-AE60-21F8D47445DC}.Release|Any CPU.ActiveCfg = Release|Any CPU
		{3C34CA13-7A8A-4A8D-AE60-21F8D47445DC}.Release|Any CPU.Build.0 = Release|Any CPU
	EndGlobalSection
	GlobalSection(SolutionProperties) = preSolution
		HideSolutionNode = FALSE
	EndGlobalSection
	GlobalSection(ExtensibilityGlobals) = postSolution
		SolutionGuid = {CB9E2D63-4092-461F-B3BF-8276FEE7FE46}
	EndGlobalSection
EndGlobal
